
Microsoft Visual Studio Solution File, Format Version 12.00
# Visual Studio Version 16
VisualStudioVersion = 16.0.35130.168
MinimumVisualStudioVersion = 10.0.40219.1
Project("{FAE04EC0-301F-11D3-BF4B-00C04F79EFBC}") = "EmployeeManagement", "EmployeeManagement\EmployeeManagement.csproj", "{A764EF9F-4CA1-41DF-AE80-FC20D417D1B8}"
EndProject
Global
	GlobalSection(SolutionConfigurationPlatforms) = preSolution
		Debug|Any CPU = Debug|Any CPU
		Release|Any CPU = Release|Any CPU
	EndGlobalSection
	GlobalSection(ProjectConfigurationPlatforms) = postSolution
		{A764EF9F-4CA1-41DF-AE80-FC20D417D1B8}.Debug|Any CPU.ActiveCfg = Debug|Any CPU
		{A764EF9F-4CA1-41DF-AE80-FC20D417D1B8}.Debug|Any CPU.Build.0 = Debug|Any CPU
		{A764EF9F-4CA1-41DF-AE80-FC20D417D1B8}.Release|Any CPU.ActiveCfg = Release|Any CPU
		{A764EF9F-4CA1-41DF-AE80-FC20D417D1B8}.Release|Any CPU.Build.0 = Release|Any CPU
	EndGlobalSection
	GlobalSection(SolutionProperties) = preSolution
		HideSolutionNode = FALSE
	EndGlobalSection
	GlobalSection(ExtensibilityGlobals) = postSolution
		SolutionGuid = {9032CF14-51A2-4670-9E99-B5AC9E310B82}
	EndGlobalSection
EndGlobal
